// !$*UTF8*$!
{
	archiveVersion = 1;
	classes = {
	};
	objectVersion = 50;
	objects = {

/* Begin PBXBuildFile section */
		484A9EDD110DBEE012C13FBB /* Pods_CompletionBlock_Tutorial.framework in Frameworks */ = {isa = PBXBuildFile; fileRef = D7BC7BDE196CA4FCFA9091D6 /* Pods_CompletionBlock_Tutorial.framework */; };
		D0375D27273AAB1D00F66BB8 /* AppDelegate.swift in Sources */ = {isa = PBXBuildFile; fileRef = D0375D26273AAB1D00F66BB8 /* AppDelegate.swift */; };
		D0375D29273AAB1D00F66BB8 /* SceneDelegate.swift in Sources */ = {isa = PBXBuildFile; fileRef = D0375D28273AAB1D00F66BB8 /* SceneDelegate.swift */; };
		D0375D2B273AAB1D00F66BB8 /* ViewController.swift in Sources */ = {isa = PBXBuildFile; fileRef = D0375D2A273AAB1D00F66BB8 /* ViewController.swift */; };
		D0375D2E273AAB1D00F66BB8 /* Main.storyboard in Resources */ = {isa = PBXBuildFile; fileRef = D0375D2C273AAB1D00F66BB8 /* Main.storyboard */; };
		D0375D30273AAB1F00F66BB8 /* Assets.xcassets in Resources */ = {isa = PBXBuildFile; fileRef = D0375D2F273AAB1F00F66BB8 /* Assets.xcassets */; };
		D0375D33273AAB1F00F66BB8 /* LaunchScreen.storyboard in Resources */ = {isa = PBXBuildFile; fileRef = D0375D31273AAB1F00F66BB8 /* LaunchScreen.storyboard */; };
/* End PBXBuildFile section */

/* Begin PBXFileReference section */
		05C6FA7F0BB4A8B334E4F49C /* Pods-CompletionBlock-Tutorial.release.xcconfig */ = {isa = PBXFileReference; includeInIndex = 1; lastKnownFileType = text.xcconfig; name = "Pods-CompletionBlock-Tutorial.release.xcconfig"; path = "Target Support Files/Pods-CompletionBlock-Tutorial/Pods-CompletionBlock-Tutorial.release.xcconfig"; sourceTree = "<group>"; };
		D0375D23273AAB1D00F66BB8 /* CompletionBlock-Tutorial.app */ = {isa = PBXFileReference; explicitFileType = wrapper.application; includeInIndex = 0; path = "CompletionBlock-Tutorial.app"; sourceTree = BUILT_PRODUCTS_DIR; };
		D0375D26273AAB1D00F66BB8 /* AppDelegate.swift */ = {isa = PBXFileReference; lastKnownFileType = sourcecode.swift; path = AppDelegate.swift; sourceTree = "<group>"; };
		D0375D28273AAB1D00F66BB8 /* SceneDelegate.swift */ = {isa = PBXFileReference; lastKnownFileType = sourcecode.swift; path = SceneDelegate.swift; sourceTree = "<group>"; };
		D0375D2A273AAB1D00F66BB8 /* ViewController.swift */ = {isa = PBXFileReference; lastKnownFileType = sourcecode.swift; path = ViewController.swift; sourceTree = "<group>"; };
		D0375D2D273AAB1D00F66BB8 /* Base */ = {isa = PBXFileReference; lastKnownFileType = file.storyboard; name = Base; path = Base.lproj/Main.storyboard; sourceTree = "<group>"; };
		D0375D2F273AAB1F00F66BB8 /* Assets.xcassets */ = {isa = PBXFileReference; lastKnownFileType = folder.assetcatalog; path = Assets.xcassets; sourceTree = "<group>"; };
		D0375D32273AAB1F00F66BB8 /* Base */ = {isa = PBXFileReference; lastKnownFileType = file.storyboard; name = Base; path = Base.lproj/LaunchScreen.storyboard; sourceTree = "<group>"; };
		D0375D34273AAB1F00F66BB8 /* Info.plist */ = {isa = PBXFileReference; lastKnownFileType = text.plist.xml; path = Info.plist; sourceTree = "<group>"; };
		D7BC7BDE196CA4FCFA9091D6 /* Pods_CompletionBlock_Tutorial.framework */ = {isa = PBXFileReference; explicitFileType = wrapper.framework; includeInIndex = 0; path = Pods_CompletionBlock_Tutorial.framework; sourceTree = BUILT_PRODUCTS_DIR; };
		F2F52A45C22E703B8A1377BF /* Pods-CompletionBlock-Tutorial.debug.xcconfig */ = {isa = PBXFileReference; includeInIndex = 1; lastKnownFileType = text.xcconfig; name = "Pods-CompletionBlock-Tutorial.debug.xcconfig"; path = "Target Support Files/Pods-CompletionBlock-Tutorial/Pods-CompletionBlock-Tutorial.debug.xcconfig"; sourceTree = "<group>"; };
/* End PBXFileReference section */

/* Begin PBXFrameworksBuildPhase section */
		D0375D20273AAB1D00F66BB8 /* Frameworks */ = {
			isa = PBXFrameworksBuildPhase;
			buildActionMask = 2147483647;
			files = (
				484A9EDD110DBEE012C13FBB /* Pods_CompletionBlock_Tutorial.framework in Frameworks */,
			);
			runOnlyForDeploymentPostprocessing = 0;
		};
/* End PBXFrameworksBuildPhase section */

/* Begin PBXGroup section */
		2C2518019A9A40B5A797906E /* Frameworks */ = {
			isa = PBXGroup;
			children = (
				D7BC7BDE196CA4FCFA9091D6 /* Pods_CompletionBlock_Tutorial.framework */,
			);
			name = Frameworks;
			sourceTree = "<group>";
		};
		4402AFAE5FB052BFC51A5EDE /* Pods */ = {
			isa = PBXGroup;
			children = (
				F2F52A45C22E703B8A1377BF /* Pods-CompletionBlock-Tutorial.debug.xcconfig */,
				05C6FA7F0BB4A8B334E4F49C /* Pods-CompletionBlock-Tutorial.release.xcconfig */,
			);
			name = Pods;
			path = Pods;
			sourceTree = "<group>";
		};
		D0375D1A273AAB1D00F66BB8 = {
			isa = PBXGroup;
			children = (
				D0375D25273AAB1D00F66BB8 /* CompletionBlock-Tutorial */,
				D0375D24273AAB1D00F66BB8 /* Products */,
				4402AFAE5FB052BFC51A5EDE /* Pods */,
				2C2518019A9A40B5A797906E /* Frameworks */,
			);
			sourceTree = "<group>";
		};
		D0375D24273AAB1D00F66BB8 /* Products */ = {
			isa = PBXGroup;
			children = (
				D0375D23273AAB1D00F66BB8 /* CompletionBlock-Tutorial.app */,
			);
			name = Products;
			sourceTree = "<group>";
		};
		D0375D25273AAB1D00F66BB8 /* CompletionBlock-Tutorial */ = {
			isa = PBXGroup;
			children = (
				D0375D26273AAB1D00F66BB8 /* AppDelegate.swift */,
				D0375D28273AAB1D00F66BB8 /* SceneDelegate.swift */,
				D0375D2A273AAB1D00F66BB8 /* ViewController.swift */,
				D0375D2C273AAB1D00F66BB8 /* Main.storyboard */,
				D0375D2F273AAB1F00F66BB8 /* Assets.xcassets */,
				D0375D31273AAB1F00F66BB8 /* LaunchScreen.storyboard */,
				D0375D34273AAB1F00F66BB8 /* Info.plist */,
			);
			path = "CompletionBlock-Tutorial";
			sourceTree = "<group>";
		};
/* End PBXGroup section */

/* Begin PBXNativeTarget section */
		D0375D22273AAB1D00F66BB8 /* CompletionBlock-Tutorial */ = {
			isa = PBXNativeTarget;
			buildConfigurationList = D0375D37273AAB1F00F66BB8 /* Build configuration list for PBXNativeTarget "CompletionBlock-Tutorial" */;
			buildPhases = (
				4FAF35E575D709061610A842 /* [CP] Check Pods Manifest.lock */,
				D0375D1F273AAB1D00F66BB8 /* Sources */,
				D0375D20273AAB1D00F66BB8 /* Frameworks */,
				D0375D21273AAB1D00F66BB8 /* Resources */,
				4FFABBAF1836558F4F939381 /* [CP] Embed Pods Frameworks */,
			);
			buildRules = (
			);
			dependencies = (
			);
			name = "CompletionBlock-Tutorial";
			productName = "CompletionBlock-Tutorial";
			productReference = D0375D23273AAB1D00F66BB8 /* CompletionBlock-Tutorial.app */;
			productType = "com.apple.product-type.application";
		};
/* End PBXNativeTarget section */

/* Begin PBXProject section */
		D0375D1B273AAB1D00F66BB8 /* Project object */ = {
			isa = PBXProject;
			attributes = {
				LastSwiftUpdateCheck = 1120;
				LastUpgradeCheck = 1120;
				ORGANIZATIONNAME = "장민석";
				TargetAttributes = {
					D0375D22273AAB1D00F66BB8 = {
						CreatedOnToolsVersion = 11.2.1;
					};
				};
			};
			buildConfigurationList = D0375D1E273AAB1D00F66BB8 /* Build configuration list for PBXProject "CompletionBlock-Tutorial" */;
			compatibilityVersion = "Xcode 9.3";
			developmentRegion = en;
			hasScannedForEncodings = 0;
			knownRegions = (
				en,
				Base,
			);
			mainGroup = D0375D1A273AAB1D00F66BB8;
			productRefGroup = D0375D24273AAB1D00F66BB8 /* Products */;
			projectDirPath = "";
			projectRoot = "";
			targets = (
				D0375D22273AAB1D00F66BB8 /* CompletionBlock-Tutorial */,
			);
		};
/* End PBXProject section */

/* Begin PBXResourcesBuildPhase section */
		D0375D21273AAB1D00F66BB8 /* Resources */ = {
			isa = PBXResourcesBuildPhase;
			buildActionMask = 2147483647;
			files = (
				D0375D33273AAB1F00F66BB8 /* LaunchScreen.storyboard in Resources */,
				D0375D30273AAB1F00F66BB8 /* Assets.xcassets in Resources */,
				D0375D2E273AAB1D00F66BB8 /* Main.storyboard in Resources */,
			);
			runOnlyForDeploymentPostprocessing = 0;
		};
/* End PBXResourcesBuildPhase section */

/* Begin PBXShellScriptBuildPhase section */
		4FAF35E575D709061610A842 /* [CP] Check Pods Manifest.lock */ = {
			isa = PBXShellScriptBuildPhase;
			buildActionMask = 2147483647;
			files = (
			);
			inputFileListPaths = (
			);
			inputPaths = (
				"${PODS_PODFILE_DIR_PATH}/Podfile.lock",
				"${PODS_ROOT}/Manifest.lock",
			);
			name = "[CP] Check Pods Manifest.lock";
			outputFileListPaths = (
			);
			outputPaths = (
				"$(DERIVED_FILE_DIR)/Pods-CompletionBlock-Tutorial-checkManifestLockResult.txt",
			);
			runOnlyForDeploymentPostprocessing = 0;
			shellPath = /bin/sh;
			shellScript = "diff \"${PODS_PODFILE_DIR_PATH}/Podfile.lock\" \"${PODS_ROOT}/Manifest.lock\" > /dev/null\nif [ $? != 0 ] ; then\n    # print error to STDERR\n    echo \"error: The sandbox is not in sync with the Podfile.lock. Run 'pod install' or update your CocoaPods installation.\" >&2\n    exit 1\nfi\n# This output is used by Xcode 'outputs' to avoid re-running this script phase.\necho \"SUCCESS\" > \"${SCRIPT_OUTPUT_FILE_0}\"\n";
			showEnvVarsInLog = 0;
		};
		4FFABBAF1836558F4F939381 /* [CP] Embed Pods Frameworks */ = {
			isa = PBXShellScriptBuildPhase;
			buildActionMask = 2147483647;
			files = (
			);
			inputFileListPaths = (
				"${PODS_ROOT}/Target Support Files/Pods-CompletionBlock-Tutorial/Pods-CompletionBlock-Tutorial-frameworks-${CONFIGURATION}-input-files.xcfilelist",
			);
			name = "[CP] Embed Pods Frameworks";
			outputFileListPaths = (
				"${PODS_ROOT}/Target Support Files/Pods-CompletionBlock-Tutorial/Pods-CompletionBlock-Tutorial-frameworks-${CONFIGURATION}-output-files.xcfilelist",
			);
			runOnlyForDeploymentPostprocessing = 0;
			shellPath = /bin/sh;
			shellScript = "\"${PODS_ROOT}/Target Support Files/Pods-CompletionBlock-Tutorial/Pods-CompletionBlock-Tutorial-frameworks.sh\"\n";
			showEnvVarsInLog = 0;
		};
/* End PBXShellScriptBuildPhase section */

/* Begin PBXSourcesBuildPhase section */
		D0375D1F273AAB1D00F66BB8 /* Sources */ = {
			isa = PBXSourcesBuildPhase;
			buildActionMask = 2147483647;
			files = (
				D0375D2B273AAB1D00F66BB8 /* ViewController.swift in Sources */,
				D0375D27273AAB1D00F66BB8 /* AppDelegate.swift in Sources */,
				D0375D29273AAB1D00F66BB8 /* SceneDelegate.swift in Sources */,
			);
			runOnlyForDeploymentPostprocessing = 0;
		};
/* End PBXSourcesBuildPhase section */

/* Begin PBXVariantGroup section */
		D0375D2C273AAB1D00F66BB8 /* Main.storyboard */ = {
			isa = PBXVariantGroup;
			children = (
				D0375D2D273AAB1D00F66BB8 /* Base */,
			);
			name = Main.storyboard;
			sourceTree = "<group>";
		};
		D0375D31273AAB1F00F66BB8 /* LaunchScreen.storyboard */ = {
			isa = PBXVariantGroup;
			children = (
				D0375D32273AAB1F00F66BB8 /* Base */,
			);
			name = LaunchScreen.storyboard;
			sourceTree = "<group>";
		};
/* End PBXVariantGroup section */

/* Begin XCBuildConfiguration section */
		D0375D35273AAB1F00F66BB8 /* Debug */ = {
			isa = XCBuildConfiguration;
			buildSettings = {
				ALWAYS_SEARCH_USER_PATHS = NO;
				CLANG_ANALYZER_NONNULL = YES;
				CLANG_ANALYZER_NUMBER_OBJECT_CONVERSION = YES_AGGRESSIVE;
				CLANG_CXX_LANGUAGE_STANDARD = "gnu++14";
				CLANG_CXX_LIBRARY = "libc++";
				CLANG_ENABLE_MODULES = YES;
				CLANG_ENABLE_OBJC_ARC = YES;
				CLANG_ENABLE_OBJC_WEAK = YES;
				CLANG_WARN_BLOCK_CAPTURE_AUTORELEASING = YES;
				CLANG_WARN_BOOL_CONVERSION = YES;
				CLANG_WARN_COMMA = YES;
				CLANG_WARN_CONSTANT_CONVERSION = YES;
				CLANG_WARN_DEPRECATED_OBJC_IMPLEMENTATIONS = YES;
				CLANG_WARN_DIRECT_OBJC_ISA_USAGE = YES_ERROR;
				CLANG_WARN_DOCUMENTATION_COMMENTS = YES;
				CLANG_WARN_EMPTY_BODY = YES;
				CLANG_WARN_ENUM_CONVERSION = YES;
				CLANG_WARN_INFINITE_RECURSION = YES;
				CLANG_WARN_INT_CONVERSION = YES;
				CLANG_WARN_NON_LITERAL_NULL_CONVERSION = YES;
				CLANG_WARN_OBJC_IMPLICIT_RETAIN_SELF = YES;
				CLANG_WARN_OBJC_LITERAL_CONVERSION = YES;
				CLANG_WARN_OBJC_ROOT_CLASS = YES_ERROR;
				CLANG_WARN_RANGE_LOOP_ANALYSIS = YES;
				CLANG_WARN_STRICT_PROTOTYPES = YES;
				CLANG_WARN_SUSPICIOUS_MOVE = YES;
				CLANG_WARN_UNGUARDED_AVAILABILITY = YES_AGGRESSIVE;
				CLANG_WARN_UNREACHABLE_CODE = YES;
				CLANG_WARN__DUPLICATE_METHOD_MATCH = YES;
				COPY_PHASE_STRIP = NO;
				DEBUG_INFORMATION_FORMAT = dwarf;
				ENABLE_STRICT_OBJC_MSGSEND = YES;
				ENABLE_TESTABILITY = YES;
				GCC_C_LANGUAGE_STANDARD = gnu11;
				GCC_DYNAMIC_NO_PIC = NO;
				GCC_NO_COMMON_BLOCKS = YES;
				GCC_OPTIMIZATION_LEVEL = 0;
				GCC_PREPROCESSOR_DEFINITIONS = (
					"DEBUG=1",
					"$(inherited)",
				);
				GCC_WARN_64_TO_32_BIT_CONVERSION = YES;
				GCC_WARN_ABOUT_RETURN_TYPE = YES_ERROR;
				GCC_WARN_UNDECLARED_SELECTOR = YES;
				GCC_WARN_UNINITIALIZED_AUTOS = YES_AGGRESSIVE;
				GCC_WARN_UNUSED_FUNCTION = YES;
				GCC_WARN_UNUSED_VARIABLE = YES;
				IPHONEOS_DEPLOYMENT_TARGET = 13.2;
				MTL_ENABLE_DEBUG_INFO = INCLUDE_SOURCE;
				MTL_FAST_MATH = YES;
				ONLY_ACTIVE_ARCH = YES;
				SDKROOT = iphoneos;
				SWIFT_ACTIVE_COMPILATION_CONDITIONS = DEBUG;
				SWIFT_OPTIMIZATION_LEVEL = "-Onone";
			};
			name = Debug;
		};
		D0375D36273AAB1F00F66BB8 /* Release */ = {
			isa = XCBuildConfiguration;
			buildSettings = {
				ALWAYS_SEARCH_USER_PATHS = NO;
				CLANG_ANALYZER_NONNULL = YES;
				CLANG_ANALYZER_NUMBER_OBJECT_CONVERSION = YES_AGGRESSIVE;
				CLANG_CXX_LANGUAGE_STANDARD = "gnu++14";
				CLANG_CXX_LIBRARY = "libc++";
				CLANG_ENABLE_MODULES = YES;
				CLANG_ENABLE_OBJC_ARC = YES;
				CLANG_ENABLE_OBJC_WEAK = YES;
				CLANG_WARN_BLOCK_CAPTURE_AUTORELEASING = YES;
				CLANG_WARN_BOOL_CONVERSION = YES;
				CLANG_WARN_COMMA = YES;
				CLANG_WARN_CONSTANT_CONVERSION = YES;
				CLANG_WARN_DEPRECATED_OBJC_IMPLEMENTATIONS = YES;
				CLANG_WARN_DIRECT_OBJC_ISA_USAGE = YES_ERROR;
				CLANG_WARN_DOCUMENTATION_COMMENTS = YES;
				CLANG_WARN_EMPTY_BODY = YES;
				CLANG_WARN_ENUM_CONVERSION = YES;
				CLANG_WARN_INFINITE_RECURSION = YES;
				CLANG_WARN_INT_CONVERSION = YES;
				CLANG_WARN_NON_LITERAL_NULL_CONVERSION = YES;
				CLANG_WARN_OBJC_IMPLICIT_RETAIN_SELF = YES;
				CLANG_WARN_OBJC_LITERAL_CONVERSION = YES;
				CLANG_WARN_OBJC_ROOT_CLASS = YES_ERROR;
				CLANG_WARN_RANGE_LOOP_ANALYSIS = YES;
				CLANG_WARN_STRICT_PROTOTYPES = YES;
				CLANG_WARN_SUSPICIOUS_MOVE = YES;
				CLANG_WARN_UNGUARDED_AVAILABILITY = YES_AGGRESSIVE;
				CLANG_WARN_UNREACHABLE_CODE = YES;
				CLANG_WARN__DUPLICATE_METHOD_MATCH = YES;
				COPY_PHASE_STRIP = NO;
				DEBUG_INFORMATION_FORMAT = "dwarf-with-dsym";
				ENABLE_NS_ASSERTIONS = NO;
				ENABLE_STRICT_OBJC_MSGSEND = YES;
				GCC_C_LANGUAGE_STANDARD = gnu11;
				GCC_NO_COMMON_BLOCKS = YES;
				GCC_WARN_64_TO_32_BIT_CONVERSION = YES;
				GCC_WARN_ABOUT_RETURN_TYPE = YES_ERROR;
				GCC_WARN_UNDECLARED_SELECTOR = YES;
				GCC_WARN_UNINITIALIZED_AUTOS = YES_AGGRESSIVE;
				GCC_WARN_UNUSED_FUNCTION = YES;
				GCC_WARN_UNUSED_VARIABLE = YES;
				IPHONEOS_DEPLOYMENT_TARGET = 13.2;
				MTL_ENABLE_DEBUG_INFO = NO;
				MTL_FAST_MATH = YES;
				SDKROOT = iphoneos;
				SWIFT_COMPILATION_MODE = wholemodule;
				SWIFT_OPTIMIZATION_LEVEL = "-O";
				VALIDATE_PRODUCT = YES;
			};
			name = Release;
		};
		D0375D38273AAB1F00F66BB8 /* Debug */ = {
			isa = XCBuildConfiguration;
			baseConfigurationReference = F2F52A45C22E703B8A1377BF /* Pods-CompletionBlock-Tutorial.debug.xcconfig */;
			buildSettings = {
				ASSETCATALOG_COMPILER_APPICON_NAME = AppIcon;
				CODE_SIGN_STYLE = Automatic;
				DEVELOPMENT_TEAM = Y6V4RF5LX4;
				INFOPLIST_FILE = "CompletionBlock-Tutorial/Info.plist";
				LD_RUNPATH_SEARCH_PATHS = (
					"$(inherited)",
					"@executable_path/Frameworks",
				);
				PRODUCT_BUNDLE_IDENTIFIER = "---------.CompletionBlock-Tutorial";
				PRODUCT_NAME = "$(TARGET_NAME)";
				SWIFT_VERSION = 5.0;
				TARGETED_DEVICE_FAMILY = "1,2";
			};
			name = Debug;
		};
		D0375D39273AAB1F00F66BB8 /* Release */ = {
			isa = XCBuildConfiguration;
			baseConfigurationReference = 05C6FA7F0BB4A8B334E4F49C /* Pods-CompletionBlock-Tutorial.release.xcconfig */;
			buildSettings = {
				ASSETCATALOG_COMPILER_APPICON_NAME = AppIcon;
				CODE_SIGN_STYLE = Automatic;
				DEVELOPMENT_TEAM = Y6V4RF5LX4;
				INFOPLIST_FILE = "CompletionBlock-Tutorial/Info.plist";
				LD_RUNPATH_SEARCH_PATHS = (
					"$(inherited)",
					"@executable_path/Frameworks",
				);
				PRODUCT_BUNDLE_IDENTIFIER = "---------.CompletionBlock-Tutorial";
				PRODUCT_NAME = "$(TARGET_NAME)";
				SWIFT_VERSION = 5.0;
				TARGETED_DEVICE_FAMILY = "1,2";
			};
			name = Release;
		};
/* End XCBuildConfiguration section */

/* Begin XCConfigurationList section */
		D0375D1E273AAB1D00F66BB8 /* Build configuration list for PBXProject "CompletionBlock-Tutorial" */ = {
			isa = XCConfigurationList;
			buildConfigurations = (
				D0375D35273AAB1F00F66BB8 /* Debug */,
				D0375D36273AAB1F00F66BB8 /* Release */,
			);
			defaultConfigurationIsVisible = 0;
			defaultConfigurationName = Release;
		};
		D0375D37273AAB1F00F66BB8 /* Build configuration list for PBXNativeTarget "CompletionBlock-Tutorial" */ = {
			isa = XCConfigurationList;
			buildConfigurations = (
				D0375D38273AAB1F00F66BB8 /* Debug */,
				D0375D39273AAB1F00F66BB8 /* Release */,
			);
			defaultConfigurationIsVisible = 0;
			defaultConfigurationName = Release;
		};
/* End XCConfigurationList section */
	};
	rootObject = D0375D1B273AAB1D00F66BB8 /* Project object */;
}
